
Microsoft Visual Studio Solution File, Format Version 12.00
# Visual Studio Version 17
VisualStudioVersion = 17.10.35027.167
MinimumVisualStudioVersion = 10.0.40219.1
Project("{FAE04EC0-301F-11D3-BF4B-00C04F79EFBC}") = "While vs Do-While", "While vs Do-While\While vs Do-While.csproj", "{8883A9F3-5DEE-437A-B67A-F298FB6A4954}"
EndProject
Global
	GlobalSection(SolutionConfigurationPlatforms) = preSolution
		Debug|Any CPU = Debug|Any CPU
		Release|Any CPU = Release|Any CPU
	EndGlobalSection
	GlobalSection(ProjectConfigurationPlatforms) = postSolution
		{8883A9F3-5DEE-437A-B67A-F298FB6A4954}.Debug|Any CPU.ActiveCfg = Debug|Any CPU
		{8883A9F3-5DEE-437A-B67A-F298FB6A4954}.Debug|Any CPU.Build.0 = Debug|Any CPU
		{8883A9F3-5DEE-437A-B67A-F298FB6A4954}.Release|Any CPU.ActiveCfg = Release|Any CPU
		{8883A9F3-5DEE-437A-B67A-F298FB6A4954}.Release|Any CPU.Build.0 = Release|Any CPU
	EndGlobalSection
	GlobalSection(SolutionProperties) = preSolution
		HideSolutionNode = FALSE
	EndGlobalSection
	GlobalSection(ExtensibilityGlobals) = postSolution
		SolutionGuid = {6CA9DEE0-1E0B-49BA-A206-40024D9FF7D4}
	EndGlobalSection
EndGlobal
